
Microsoft Visual Studio Solution File, Format Version 12.00
# Visual Studio Version 17
VisualStudioVersion = 17.9.34728.123
MinimumVisualStudioVersion = 10.0.40219.1
Project("{2150E333-8FDC-42A3-9474-1A3956D46DE8}") = "FrontEnd", "FrontEnd", "{8A2C1DE9-FDDD-4B46-A57D-642A12B04148}"
EndProject
Project("{2150E333-8FDC-42A3-9474-1A3956D46DE8}") = "Gateway", "Gateway", "{FBCD4ABD-2453-4B44-8D4F-4447AFB701E9}"
EndProject
Project("{2150E333-8FDC-42A3-9474-1A3956D46DE8}") = "Integration", "Integration", "{4152080E-001B-4487-A1BE-8B530D98FC0F}"
EndProject
Project("{2150E333-8FDC-42A3-9474-1A3956D46DE8}") = "Services", "Services", "{BEC409B9-C120-4A64-8852-6416AE34ED8F}"
EndProject
Project("{9A19103F-16F7-4668-BE54-9A1E7A4F7556}") = "Mango.Services.CouponAPI", "Mango.Services.CouponAPI\Mango.Services.CouponAPI.csproj", "{D2FC865F-4494-4E3A-AAEE-23FB03D02F9B}"
EndProject
Project("{FAE04EC0-301F-11D3-BF4B-00C04F79EFBC}") = "Mango.Web", "Mango.Web\Mango.Web.csproj", "{84A665D1-95D0-4023-9DA9-4347AC54D3CA}"
EndProject
Global
	GlobalSection(SolutionConfigurationPlatforms) = preSolution
		Debug|Any CPU = Debug|Any CPU
		Release|Any CPU = Release|Any CPU
	EndGlobalSection
	GlobalSection(ProjectConfigurationPlatforms) = postSolution
		{D2FC865F-4494-4E3A-AAEE-23FB03D02F9B}.Debug|Any CPU.ActiveCfg = Debug|Any CPU
		{D2FC865F-4494-4E3A-AAEE-23FB03D02F9B}.Debug|Any CPU.Build.0 = Debug|Any CPU
		{D2FC865F-4494-4E3A-AAEE-23FB03D02F9B}.Release|Any CPU.ActiveCfg = Release|Any CPU
		{D2FC865F-4494-4E3A-AAEE-23FB03D02F9B}.Release|Any CPU.Build.0 = Release|Any CPU
		{84A665D1-95D0-4023-9DA9-4347AC54D3CA}.Debug|Any CPU.ActiveCfg = Debug|Any CPU
		{84A665D1-95D0-4023-9DA9-4347AC54D3CA}.Debug|Any CPU.Build.0 = Debug|Any CPU
		{84A665D1-95D0-4023-9DA9-4347AC54D3CA}.Release|Any CPU.ActiveCfg = Release|Any CPU
		{84A665D1-95D0-4023-9DA9-4347AC54D3CA}.Release|Any CPU.Build.0 = Release|Any CPU
	EndGlobalSection
	GlobalSection(SolutionProperties) = preSolution
		HideSolutionNode = FALSE
	EndGlobalSection
	GlobalSection(NestedProjects) = preSolution
		{D2FC865F-4494-4E3A-AAEE-23FB03D02F9B} = {BEC409B9-C120-4A64-8852-6416AE34ED8F}
		{84A665D1-95D0-4023-9DA9-4347AC54D3CA} = {8A2C1DE9-FDDD-4B46-A57D-642A12B04148}
	EndGlobalSection
	GlobalSection(ExtensibilityGlobals) = postSolution
		SolutionGuid = {F44C9A30-0556-4F4B-BF12-AD07D8BDB781}
	EndGlobalSection
EndGlobal
